
Microsoft Visual Studio Solution File, Format Version 12.00
# Visual Studio Version 16
VisualStudioVersion = 16.0.29613.14
MinimumVisualStudioVersion = 10.0.40219.1
Project("{FAE04EC0-301F-11D3-BF4B-00C04F79EFBC}") = "BuildJson", "BuildJson\BuildJson.csproj", "{D39682A4-3287-4A83-B005-07EB936236DF}"
EndProject
Global
	GlobalSection(SolutionConfigurationPlatforms) = preSolution
		Debug|Any CPU = Debug|Any CPU
		Release|Any CPU = Release|Any CPU
	EndGlobalSection
	GlobalSection(ProjectConfigurationPlatforms) = postSolution
		{D39682A4-3287-4A83-B005-07EB936236DF}.Debug|Any CPU.ActiveCfg = Debug|Any CPU
		{D39682A4-3287-4A83-B005-07EB936236DF}.Debug|Any CPU.Build.0 = Debug|Any CPU
		{D39682A4-3287-4A83-B005-07EB936236DF}.Release|Any CPU.ActiveCfg = Release|Any CPU
		{D39682A4-3287-4A83-B005-07EB936236DF}.Release|Any CPU.Build.0 = Release|Any CPU
	EndGlobalSection
	GlobalSection(SolutionProperties) = preSolution
		HideSolutionNode = FALSE
	EndGlobalSection
	GlobalSection(ExtensibilityGlobals) = postSolution
		SolutionGuid = {0BDD4D45-D55C-4EF1-8140-1AB138D4AA81}
	EndGlobalSection
EndGlobal
